
Microsoft Visual Studio Solution File, Format Version 12.00
# Visual Studio Version 16
VisualStudioVersion = 16.0.29318.209
MinimumVisualStudioVersion = 10.0.40219.1
Project("{FAE04EC0-301F-11D3-BF4B-00C04F79EFBC}") = "PatientCard", "PatientCard\PatientCard.csproj", "{426867B1-60EC-4114-8170-F6E2FBBDF5A4}"
EndProject
Global
	GlobalSection(SolutionConfigurationPlatforms) = preSolution
		Debug|Any CPU = Debug|Any CPU
		Release|Any CPU = Release|Any CPU
	EndGlobalSection
	GlobalSection(ProjectConfigurationPlatforms) = postSolution
		{426867B1-60EC-4114-8170-F6E2FBBDF5A4}.Debug|Any CPU.ActiveCfg = Debug|Any CPU
		{426867B1-60EC-4114-8170-F6E2FBBDF5A4}.Debug|Any CPU.Build.0 = Debug|Any CPU
		{426867B1-60EC-4114-8170-F6E2FBBDF5A4}.Release|Any CPU.ActiveCfg = Release|Any CPU
		{426867B1-60EC-4114-8170-F6E2FBBDF5A4}.Release|Any CPU.Build.0 = Release|Any CPU
	EndGlobalSection
	GlobalSection(SolutionProperties) = preSolution
		HideSolutionNode = FALSE
	EndGlobalSection
	GlobalSection(ExtensibilityGlobals) = postSolution
		SolutionGuid = {AA8369CC-503E-4AF1-B25F-7B3CB93CE1E7}
	EndGlobalSection
EndGlobal
